
Microsoft Visual Studio Solution File, Format Version 12.00
# Visual Studio Version 17
VisualStudioVersion = 17.5.33516.290
MinimumVisualStudioVersion = 10.0.40219.1
Project("{FAE04EC0-301F-11D3-BF4B-00C04F79EFBC}") = "Task2_1", "Task1_1\Task2_1.csproj", "{55BBE121-7A22-4E8E-8CCE-755B144F2DAB}"
EndProject
Project("{FAE04EC0-301F-11D3-BF4B-00C04F79EFBC}") = "Task2_2", "Task1_2\Task2_2.csproj", "{586ED40F-B429-49EA-A043-8EC6D62471BE}"
EndProject
Project("{FAE04EC0-301F-11D3-BF4B-00C04F79EFBC}") = "Task2_3", "Task2_3\Task2_3.csproj", "{CF5D17AB-06E9-4A71-A9D6-1AE30F9AFAD4}"
EndProject
Project("{FAE04EC0-301F-11D3-BF4B-00C04F79EFBC}") = "Task2_4", "Task2_4\Task2_4.csproj", "{042884BA-FE53-4A93-A5F3-378182B9B538}"
EndProject
Project("{FAE04EC0-301F-11D3-BF4B-00C04F79EFBC}") = "Task2_5_Star", "Task2_5_Star\Task2_5_Star.csproj", "{1D105BDD-A819-4190-8F4E-A18C58F44734}"
EndProject
Project("{2150E333-8FDC-42A3-9474-1A3956D46DE8}") = "Task_3", "Task_3", "{027BC464-E31D-4F9B-87B7-E27A8CDEA5E8}"
EndProject
Project("{FAE04EC0-301F-11D3-BF4B-00C04F79EFBC}") = "Task3_01", "Task3_1\Task3_01.csproj", "{7E8B8E9C-6634-43C8-A9AE-8E19BA891BCC}"
EndProject
Project("{2150E333-8FDC-42A3-9474-1A3956D46DE8}") = "Task_2", "Task_2", "{4BF350FB-4F15-4FAC-89DD-7F7AD049961B}"
EndProject
Project("{FAE04EC0-301F-11D3-BF4B-00C04F79EFBC}") = "Task3_02", "Task3_2\Task3_02.csproj", "{0C2DD398-D1C0-4988-BD33-2E09537CA5EB}"
EndProject
Project("{FAE04EC0-301F-11D3-BF4B-00C04F79EFBC}") = "Task3_03", "Task3_3\Task3_03.csproj", "{96303651-95A0-4F63-8E8F-7D49D16EEF52}"
EndProject
Project("{FAE04EC0-301F-11D3-BF4B-00C04F79EFBC}") = "Task3_04", "Task3_4\Task3_04.csproj", "{7389D933-D79F-4E9D-81A9-155A942750B0}"
EndProject
Project("{FAE04EC0-301F-11D3-BF4B-00C04F79EFBC}") = "Task3_05", "Task3_5\Task3_05.csproj", "{9E57BEC3-2FE2-475C-B1CA-7E4040B570B3}"
EndProject
Project("{FAE04EC0-301F-11D3-BF4B-00C04F79EFBC}") = "Task3_6", "Task3_6\Task3_6.csproj", "{F83DE99D-5EDE-4684-B8D7-A98503B397E2}"
EndProject
Project("{FAE04EC0-301F-11D3-BF4B-00C04F79EFBC}") = "Task3_7", "Task3_7\Task3_7.csproj", "{A4A272C5-5BE7-4762-8219-C8AFC22E3012}"
EndProject
Project("{FAE04EC0-301F-11D3-BF4B-00C04F79EFBC}") = "Task3_8", "Task3_8\Task3_8.csproj", "{6DF85019-42E6-4BF5-BA47-F08A97DF0A83}"
EndProject
Project("{FAE04EC0-301F-11D3-BF4B-00C04F79EFBC}") = "Task3_9", "Task3_9\Task3_9.csproj", "{45986B03-3F09-4A07-ADE1-437043703649}"
EndProject
Project("{FAE04EC0-301F-11D3-BF4B-00C04F79EFBC}") = "Task3_10", "Task3_10\Task3_10.csproj", "{D2F98FBB-A3A8-40C3-8061-6B78988CAB24}"
EndProject
Project("{FAE04EC0-301F-11D3-BF4B-00C04F79EFBC}") = "Task3_11", "Task3_11\Task3_11.csproj", "{1589FFD1-FD0C-42D3-A19E-CEB88E4D7C34}"
EndProject
Project("{FAE04EC0-301F-11D3-BF4B-00C04F79EFBC}") = "Task3_12_Star", "Task3_12_Star\Task3_12_Star.csproj", "{BA435D87-8E79-4484-88A6-12B74F3710F0}"
EndProject
Global
	GlobalSection(SolutionConfigurationPlatforms) = preSolution
		Debug|Any CPU = Debug|Any CPU
		Release|Any CPU = Release|Any CPU
	EndGlobalSection
	GlobalSection(ProjectConfigurationPlatforms) = postSolution
		{55BBE121-7A22-4E8E-8CCE-755B144F2DAB}.Debug|Any CPU.ActiveCfg = Debug|Any CPU
		{55BBE121-7A22-4E8E-8CCE-755B144F2DAB}.Debug|Any CPU.Build.0 = Debug|Any CPU
		{55BBE121-7A22-4E8E-8CCE-755B144F2DAB}.Release|Any CPU.ActiveCfg = Release|Any CPU
		{55BBE121-7A22-4E8E-8CCE-755B144F2DAB}.Release|Any CPU.Build.0 = Release|Any CPU
		{586ED40F-B429-49EA-A043-8EC6D62471BE}.Debug|Any CPU.ActiveCfg = Debug|Any CPU
		{586ED40F-B429-49EA-A043-8EC6D62471BE}.Debug|Any CPU.Build.0 = Debug|Any CPU
		{586ED40F-B429-49EA-A043-8EC6D62471BE}.Release|Any CPU.ActiveCfg = Release|Any CPU
		{586ED40F-B429-49EA-A043-8EC6D62471BE}.Release|Any CPU.Build.0 = Release|Any CPU
		{CF5D17AB-06E9-4A71-A9D6-1AE30F9AFAD4}.Debug|Any CPU.ActiveCfg = Debug|Any CPU
		{CF5D17AB-06E9-4A71-A9D6-1AE30F9AFAD4}.Debug|Any CPU.Build.0 = Debug|Any CPU
		{CF5D17AB-06E9-4A71-A9D6-1AE30F9AFAD4}.Release|Any CPU.ActiveCfg = Release|Any CPU
		{CF5D17AB-06E9-4A71-A9D6-1AE30F9AFAD4}.Release|Any CPU.Build.0 = Release|Any CPU
		{042884BA-FE53-4A93-A5F3-378182B9B538}.Debug|Any CPU.ActiveCfg = Debug|Any CPU
		{042884BA-FE53-4A93-A5F3-378182B9B538}.Debug|Any CPU.Build.0 = Debug|Any CPU
		{042884BA-FE53-4A93-A5F3-378182B9B538}.Release|Any CPU.ActiveCfg = Release|Any CPU
		{042884BA-FE53-4A93-A5F3-378182B9B538}.Release|Any CPU.Build.0 = Release|Any CPU
		{1D105BDD-A819-4190-8F4E-A18C58F44734}.Debug|Any CPU.ActiveCfg = Debug|Any CPU
		{1D105BDD-A819-4190-8F4E-A18C58F44734}.Debug|Any CPU.Build.0 = Debug|Any CPU
		{1D105BDD-A819-4190-8F4E-A18C58F44734}.Release|Any CPU.ActiveCfg = Release|Any CPU
		{1D105BDD-A819-4190-8F4E-A18C58F44734}.Release|Any CPU.Build.0 = Release|Any CPU
		{7E8B8E9C-6634-43C8-A9AE-8E19BA891BCC}.Debug|Any CPU.ActiveCfg = Debug|Any CPU
		{7E8B8E9C-6634-43C8-A9AE-8E19BA891BCC}.Debug|Any CPU.Build.0 = Debug|Any CPU
		{7E8B8E9C-6634-43C8-A9AE-8E19BA891BCC}.Release|Any CPU.ActiveCfg = Release|Any CPU
		{7E8B8E9C-6634-43C8-A9AE-8E19BA891BCC}.Release|Any CPU.Build.0 = Release|Any CPU
		{0C2DD398-D1C0-4988-BD33-2E09537CA5EB}.Debug|Any CPU.ActiveCfg = Debug|Any CPU
		{0C2DD398-D1C0-4988-BD33-2E09537CA5EB}.Debug|Any CPU.Build.0 = Debug|Any CPU
		{0C2DD398-D1C0-4988-BD33-2E09537CA5EB}.Release|Any CPU.ActiveCfg = Release|Any CPU
		{0C2DD398-D1C0-4988-BD33-2E09537CA5EB}.Release|Any CPU.Build.0 = Release|Any CPU
		{96303651-95A0-4F63-8E8F-7D49D16EEF52}.Debug|Any CPU.ActiveCfg = Debug|Any CPU
		{96303651-95A0-4F63-8E8F-7D49D16EEF52}.Debug|Any CPU.Build.0 = Debug|Any CPU
		{96303651-95A0-4F63-8E8F-7D49D16EEF52}.Release|Any CPU.ActiveCfg = Release|Any CPU
		{96303651-95A0-4F63-8E8F-7D49D16EEF52}.Release|Any CPU.Build.0 = Release|Any CPU
		{7389D933-D79F-4E9D-81A9-155A942750B0}.Debug|Any CPU.ActiveCfg = Debug|Any CPU
		{7389D933-D79F-4E9D-81A9-155A942750B0}.Debug|Any CPU.Build.0 = Debug|Any CPU
		{7389D933-D79F-4E9D-81A9-155A942750B0}.Release|Any CPU.ActiveCfg = Release|Any CPU
		{7389D933-D79F-4E9D-81A9-155A942750B0}.Release|Any CPU.Build.0 = Release|Any CPU
		{9E57BEC3-2FE2-475C-B1CA-7E4040B570B3}.Debug|Any CPU.ActiveCfg = Debug|Any CPU
		{9E57BEC3-2FE2-475C-B1CA-7E4040B570B3}.Debug|Any CPU.Build.0 = Debug|Any CPU
		{9E57BEC3-2FE2-475C-B1CA-7E4040B570B3}.Release|Any CPU.ActiveCfg = Release|Any CPU
		{9E57BEC3-2FE2-475C-B1CA-7E4040B570B3}.Release|Any CPU.Build.0 = Release|Any CPU
		{F83DE99D-5EDE-4684-B8D7-A98503B397E2}.Debug|Any CPU.ActiveCfg = Debug|Any CPU
		{F83DE99D-5EDE-4684-B8D7-A98503B397E2}.Debug|Any CPU.Build.0 = Debug|Any CPU
		{F83DE99D-5EDE-4684-B8D7-A98503B397E2}.Release|Any CPU.ActiveCfg = Release|Any CPU
		{F83DE99D-5EDE-4684-B8D7-A98503B397E2}.Release|Any CPU.Build.0 = Release|Any CPU
		{A4A272C5-5BE7-4762-8219-C8AFC22E3012}.Debug|Any CPU.ActiveCfg = Debug|Any CPU
		{A4A272C5-5BE7-4762-8219-C8AFC22E3012}.Debug|Any CPU.Build.0 = Debug|Any CPU
		{A4A272C5-5BE7-4762-8219-C8AFC22E3012}.Release|Any CPU.ActiveCfg = Release|Any CPU
		{A4A272C5-5BE7-4762-8219-C8AFC22E3012}.Release|Any CPU.Build.0 = Release|Any CPU
		{6DF85019-42E6-4BF5-BA47-F08A97DF0A83}.Debug|Any CPU.ActiveCfg = Debug|Any CPU
		{6DF85019-42E6-4BF5-BA47-F08A97DF0A83}.Debug|Any CPU.Build.0 = Debug|Any CPU
		{6DF85019-42E6-4BF5-BA47-F08A97DF0A83}.Release|Any CPU.ActiveCfg = Release|Any CPU
		{6DF85019-42E6-4BF5-BA47-F08A97DF0A83}.Release|Any CPU.Build.0 = Release|Any CPU
		{45986B03-3F09-4A07-ADE1-437043703649}.Debug|Any CPU.ActiveCfg = Debug|Any CPU
		{45986B03-3F09-4A07-ADE1-437043703649}.Debug|Any CPU.Build.0 = Debug|Any CPU
		{45986B03-3F09-4A07-ADE1-437043703649}.Release|Any CPU.ActiveCfg = Release|Any CPU
		{45986B03-3F09-4A07-ADE1-437043703649}.Release|Any CPU.Build.0 = Release|Any CPU
		{D2F98FBB-A3A8-40C3-8061-6B78988CAB24}.Debug|Any CPU.ActiveCfg = Debug|Any CPU
		{D2F98FBB-A3A8-40C3-8061-6B78988CAB24}.Debug|Any CPU.Build.0 = Debug|Any CPU
		{D2F98FBB-A3A8-40C3-8061-6B78988CAB24}.Release|Any CPU.ActiveCfg = Release|Any CPU
		{D2F98FBB-A3A8-40C3-8061-6B78988CAB24}.Release|Any CPU.Build.0 = Release|Any CPU
		{1589FFD1-FD0C-42D3-A19E-CEB88E4D7C34}.Debug|Any CPU.ActiveCfg = Debug|Any CPU
		{1589FFD1-FD0C-42D3-A19E-CEB88E4D7C34}.Debug|Any CPU.Build.0 = Debug|Any CPU
		{1589FFD1-FD0C-42D3-A19E-CEB88E4D7C34}.Release|Any CPU.ActiveCfg = Release|Any CPU
		{1589FFD1-FD0C-42D3-A19E-CEB88E4D7C34}.Release|Any CPU.Build.0 = Release|Any CPU
		{BA435D87-8E79-4484-88A6-12B74F3710F0}.Debug|Any CPU.ActiveCfg = Debug|Any CPU
		{BA435D87-8E79-4484-88A6-12B74F3710F0}.Debug|Any CPU.Build.0 = Debug|Any CPU
		{BA435D87-8E79-4484-88A6-12B74F3710F0}.Release|Any CPU.ActiveCfg = Release|Any CPU
		{BA435D87-8E79-4484-88A6-12B74F3710F0}.Release|Any CPU.Build.0 = Release|Any CPU
	EndGlobalSection
	GlobalSection(SolutionProperties) = preSolution
		HideSolutionNode = FALSE
	EndGlobalSection
	GlobalSection(NestedProjects) = preSolution
		{55BBE121-7A22-4E8E-8CCE-755B144F2DAB} = {4BF350FB-4F15-4FAC-89DD-7F7AD049961B}
		{586ED40F-B429-49EA-A043-8EC6D62471BE} = {4BF350FB-4F15-4FAC-89DD-7F7AD049961B}
		{CF5D17AB-06E9-4A71-A9D6-1AE30F9AFAD4} = {4BF350FB-4F15-4FAC-89DD-7F7AD049961B}
		{042884BA-FE53-4A93-A5F3-378182B9B538} = {4BF350FB-4F15-4FAC-89DD-7F7AD049961B}
		{1D105BDD-A819-4190-8F4E-A18C58F44734} = {4BF350FB-4F15-4FAC-89DD-7F7AD049961B}
		{7E8B8E9C-6634-43C8-A9AE-8E19BA891BCC} = {027BC464-E31D-4F9B-87B7-E27A8CDEA5E8}
		{0C2DD398-D1C0-4988-BD33-2E09537CA5EB} = {027BC464-E31D-4F9B-87B7-E27A8CDEA5E8}
		{96303651-95A0-4F63-8E8F-7D49D16EEF52} = {027BC464-E31D-4F9B-87B7-E27A8CDEA5E8}
		{7389D933-D79F-4E9D-81A9-155A942750B0} = {027BC464-E31D-4F9B-87B7-E27A8CDEA5E8}
		{9E57BEC3-2FE2-475C-B1CA-7E4040B570B3} = {027BC464-E31D-4F9B-87B7-E27A8CDEA5E8}
		{F83DE99D-5EDE-4684-B8D7-A98503B397E2} = {027BC464-E31D-4F9B-87B7-E27A8CDEA5E8}
		{A4A272C5-5BE7-4762-8219-C8AFC22E3012} = {027BC464-E31D-4F9B-87B7-E27A8CDEA5E8}
		{6DF85019-42E6-4BF5-BA47-F08A97DF0A83} = {027BC464-E31D-4F9B-87B7-E27A8CDEA5E8}
		{45986B03-3F09-4A07-ADE1-437043703649} = {027BC464-E31D-4F9B-87B7-E27A8CDEA5E8}
		{D2F98FBB-A3A8-40C3-8061-6B78988CAB24} = {027BC464-E31D-4F9B-87B7-E27A8CDEA5E8}
		{1589FFD1-FD0C-42D3-A19E-CEB88E4D7C34} = {027BC464-E31D-4F9B-87B7-E27A8CDEA5E8}
		{BA435D87-8E79-4484-88A6-12B74F3710F0} = {027BC464-E31D-4F9B-87B7-E27A8CDEA5E8}
	EndGlobalSection
	GlobalSection(ExtensibilityGlobals) = postSolution
		SolutionGuid = {3CEE3B8B-0969-4900-8F6D-2E3A54300920}
	EndGlobalSection
EndGlobal
